
Microsoft Visual Studio Solution File, Format Version 12.00
# Visual Studio Version 16
VisualStudioVersion = 25.0.1703.8
MinimumVisualStudioVersion = 10.0.40219.1
Project("{2150E333-8FDC-42A3-9474-1A3956D46DE8}") = "src", "src", "{D1E0B8C0-B7B1-4C66-A469-9C90BFC74C31}"
EndProject
Project("{FAE04EC0-301F-11D3-BF4B-00C04F79EFBC}") = "JsonEditor", "src\JsonEditor\JsonEditor.csproj", "{4457A77B-9DB3-4578-BAEE-1501A1E0DA26}"
EndProject
Global
	GlobalSection(SolutionConfigurationPlatforms) = preSolution
		Debug|Any CPU = Debug|Any CPU
		Release|Any CPU = Release|Any CPU
	EndGlobalSection
	GlobalSection(ProjectConfigurationPlatforms) = postSolution
		{4457A77B-9DB3-4578-BAEE-1501A1E0DA26}.Debug|Any CPU.ActiveCfg = Debug|Any CPU
		{4457A77B-9DB3-4578-BAEE-1501A1E0DA26}.Debug|Any CPU.Build.0 = Debug|Any CPU
		{4457A77B-9DB3-4578-BAEE-1501A1E0DA26}.Release|Any CPU.ActiveCfg = Release|Any CPU
		{4457A77B-9DB3-4578-BAEE-1501A1E0DA26}.Release|Any CPU.Build.0 = Release|Any CPU
	EndGlobalSection
	GlobalSection(SolutionProperties) = preSolution
		HideSolutionNode = FALSE
	EndGlobalSection
	GlobalSection(ExtensibilityGlobals) = postSolution
		SolutionGuid = {15115033-36EF-44CB-B123-469DE6E990F8}
	EndGlobalSection
	GlobalSection(NestedProjects) = preSolution
		{4457A77B-9DB3-4578-BAEE-1501A1E0DA26} = {D1E0B8C0-B7B1-4C66-A469-9C90BFC74C31}
	EndGlobalSection
EndGlobal
